// !$*UTF8*$!
{
	archiveVersion = 1;
	classes = {
	};
	objectVersion = 46;
	objects = {

/* Begin PBXBuildFile section */
		52990A021BAA5F9800746B35 /* main.m in Sources */ = {isa = PBXBuildFile; fileRef = 52990A011BAA5F9800746B35 /* main.m */; };
		52990A051BAA5F9800746B35 /* AppDelegate.m in Sources */ = {isa = PBXBuildFile; fileRef = 52990A041BAA5F9800746B35 /* AppDelegate.m */; };
		52990A071BAA5F9800746B35 /* Images.xcassets in Resources */ = {isa = PBXBuildFile; fileRef = 52990A061BAA5F9800746B35 /* Images.xcassets */; };
		52990A0A1BAA5F9800746B35 /* LaunchScreen.xib in Resources */ = {isa = PBXBuildFile; fileRef = 52990A081BAA5F9800746B35 /* LaunchScreen.xib */; };
		52990A161BAA5F9800746B35 /* SixPassValue_SingleClass_demoTests.m in Sources */ = {isa = PBXBuildFile; fileRef = 52990A151BAA5F9800746B35 /* SixPassValue_SingleClass_demoTests.m */; };
		52990A221BAA601000746B35 /* FirstViewController.m in Sources */ = {isa = PBXBuildFile; fileRef = 52990A201BAA601000746B35 /* FirstViewController.m */; };
		52990A231BAA601000746B35 /* FirstViewController.xib in Resources */ = {isa = PBXBuildFile; fileRef = 52990A211BAA601000746B35 /* FirstViewController.xib */; };
		52990A271BAA601D00746B35 /* SecondViewController.m in Sources */ = {isa = PBXBuildFile; fileRef = 52990A251BAA601D00746B35 /* SecondViewController.m */; };
		52990A281BAA601D00746B35 /* SecondViewController.xib in Resources */ = {isa = PBXBuildFile; fileRef = 52990A261BAA601D00746B35 /* SecondViewController.xib */; };
		52990A2B1BAA62B300746B35 /* Single.m in Sources */ = {isa = PBXBuildFile; fileRef = 52990A2A1BAA62B300746B35 /* Single.m */; };
/* End PBXBuildFile section */

/* Begin PBXContainerItemProxy section */
		52990A101BAA5F9800746B35 /* PBXContainerItemProxy */ = {
			isa = PBXContainerItemProxy;
			containerPortal = 529909F41BAA5F9800746B35 /* Project object */;
			proxyType = 1;
			remoteGlobalIDString = 529909FB1BAA5F9800746B35;
			remoteInfo = "SixPassValue-SingleClass_demo";
		};
/* End PBXContainerItemProxy section */

/* Begin PBXFileReference section */
		529909FC1BAA5F9800746B35 /* SixPassValue-SingleClass_demo.app */ = {isa = PBXFileReference; explicitFileType = wrapper.application; includeInIndex = 0; path = "SixPassValue-SingleClass_demo.app"; sourceTree = BUILT_PRODUCTS_DIR; };
		52990A001BAA5F9800746B35 /* Info.plist */ = {isa = PBXFileReference; lastKnownFileType = text.plist.xml; path = Info.plist; sourceTree = "<group>"; };
		52990A011BAA5F9800746B35 /* main.m */ = {isa = PBXFileReference; lastKnownFileType = sourcecode.c.objc; path = main.m; sourceTree = "<group>"; };
		52990A031BAA5F9800746B35 /* AppDelegate.h */ = {isa = PBXFileReference; lastKnownFileType = sourcecode.c.h; path = AppDelegate.h; sourceTree = "<group>"; };
		52990A041BAA5F9800746B35 /* AppDelegate.m */ = {isa = PBXFileReference; lastKnownFileType = sourcecode.c.objc; path = AppDelegate.m; sourceTree = "<group>"; };
		52990A061BAA5F9800746B35 /* Images.xcassets */ = {isa = PBXFileReference; lastKnownFileType = folder.assetcatalog; path = Images.xcassets; sourceTree = "<group>"; };
		52990A091BAA5F9800746B35 /* Base */ = {isa = PBXFileReference; lastKnownFileType = file.xib; name = Base; path = Base.lproj/LaunchScreen.xib; sourceTree = "<group>"; };
		52990A0F1BAA5F9800746B35 /* SixPassValue-SingleClass_demoTests.xctest */ = {isa = PBXFileReference; explicitFileType = wrapper.cfbundle; includeInIndex = 0; path = "SixPassValue-SingleClass_demoTests.xctest"; sourceTree = BUILT_PRODUCTS_DIR; };
		52990A141BAA5F9800746B35 /* Info.plist */ = {isa = PBXFileReference; lastKnownFileType = text.plist.xml; path = Info.plist; sourceTree = "<group>"; };
		52990A151BAA5F9800746B35 /* SixPassValue_SingleClass_demoTests.m */ = {isa = PBXFileReference; lastKnownFileType = sourcecode.c.objc; path = SixPassValue_SingleClass_demoTests.m; sourceTree = "<group>"; };
		52990A1F1BAA601000746B35 /* FirstViewController.h */ = {isa = PBXFileReference; fileEncoding = 4; lastKnownFileType = sourcecode.c.h; path = FirstViewController.h; sourceTree = "<group>"; };
		52990A201BAA601000746B35 /* FirstViewController.m */ = {isa = PBXFileReference; fileEncoding = 4; lastKnownFileType = sourcecode.c.objc; path = FirstViewController.m; sourceTree = "<group>"; };
		52990A211BAA601000746B35 /* FirstViewController.xib */ = {isa = PBXFileReference; fileEncoding = 4; lastKnownFileType = file.xib; path = FirstViewController.xib; sourceTree = "<group>"; };
		52990A241BAA601D00746B35 /* SecondViewController.h */ = {isa = PBXFileReference; fileEncoding = 4; lastKnownFileType = sourcecode.c.h; path = SecondViewController.h; sourceTree = "<group>"; };
		52990A251BAA601D00746B35 /* SecondViewController.m */ = {isa = PBXFileReference; fileEncoding = 4; lastKnownFileType = sourcecode.c.objc; path = SecondViewController.m; sourceTree = "<group>"; };
		52990A261BAA601D00746B35 /* SecondViewController.xib */ = {isa = PBXFileReference; fileEncoding = 4; lastKnownFileType = file.xib; path = SecondViewController.xib; sourceTree = "<group>"; };
		52990A291BAA62B300746B35 /* Single.h */ = {isa = PBXFileReference; fileEncoding = 4; lastKnownFileType = sourcecode.c.h; path = Single.h; sourceTree = "<group>"; };
		52990A2A1BAA62B300746B35 /* Single.m */ = {isa = PBXFileReference; fileEncoding = 4; lastKnownFileType = sourcecode.c.objc; path = Single.m; sourceTree = "<group>"; };
/* End PBXFileReference section */

/* Begin PBXFrameworksBuildPhase section */
		529909F91BAA5F9800746B35 /* Frameworks */ = {
			isa = PBXFrameworksBuildPhase;
			buildActionMask = 2147483647;
			files = (
			);
			runOnlyForDeploymentPostprocessing = 0;
		};
		52990A0C1BAA5F9800746B35 /* Frameworks */ = {
			isa = PBXFrameworksBuildPhase;
			buildActionMask = 2147483647;
			files = (
			);
			runOnlyForDeploymentPostprocessing = 0;
		};
/* End PBXFrameworksBuildPhase section */

/* Begin PBXGroup section */
		529909F31BAA5F9800746B35 = {
			isa = PBXGroup;
			children = (
				529909FE1BAA5F9800746B35 /* SixPassValue-SingleClass_demo */,
				52990A121BAA5F9800746B35 /* SixPassValue-SingleClass_demoTests */,
				529909FD1BAA5F9800746B35 /* Products */,
			);
			sourceTree = "<group>";
		};
		529909FD1BAA5F9800746B35 /* Products */ = {
			isa = PBXGroup;
			children = (
				529909FC1BAA5F9800746B35 /* SixPassValue-SingleClass_demo.app */,
				52990A0F1BAA5F9800746B35 /* SixPassValue-SingleClass_demoTests.xctest */,
			);
			name = Products;
			sourceTree = "<group>";
		};
		529909FE1BAA5F9800746B35 /* SixPassValue-SingleClass_demo */ = {
			isa = PBXGroup;
			children = (
				52990A031BAA5F9800746B35 /* AppDelegate.h */,
				52990A041BAA5F9800746B35 /* AppDelegate.m */,
				52990A1F1BAA601000746B35 /* FirstViewController.h */,
				52990A201BAA601000746B35 /* FirstViewController.m */,
				52990A211BAA601000746B35 /* FirstViewController.xib */,
				52990A291BAA62B300746B35 /* Single.h */,
				52990A2A1BAA62B300746B35 /* Single.m */,
				52990A241BAA601D00746B35 /* SecondViewController.h */,
				52990A251BAA601D00746B35 /* SecondViewController.m */,
				52990A261BAA601D00746B35 /* SecondViewController.xib */,
				52990A061BAA5F9800746B35 /* Images.xcassets */,
				52990A081BAA5F9800746B35 /* LaunchScreen.xib */,
				529909FF1BAA5F9800746B35 /* Supporting Files */,
			);
			path = "SixPassValue-SingleClass_demo";
			sourceTree = "<group>";
		};
		529909FF1BAA5F9800746B35 /* Supporting Files */ = {
			isa = PBXGroup;
			children = (
				52990A001BAA5F9800746B35 /* Info.plist */,
				52990A011BAA5F9800746B35 /* main.m */,
			);
			name = "Supporting Files";
			sourceTree = "<group>";
		};
		52990A121BAA5F9800746B35 /* SixPassValue-SingleClass_demoTests */ = {
			isa = PBXGroup;
			children = (
				52990A151BAA5F9800746B35 /* SixPassValue_SingleClass_demoTests.m */,
				52990A131BAA5F9800746B35 /* Supporting Files */,
			);
			path = "SixPassValue-SingleClass_demoTests";
			sourceTree = "<group>";
		};
		52990A131BAA5F9800746B35 /* Supporting Files */ = {
			isa = PBXGroup;
			children = (
				52990A141BAA5F9800746B35 /* Info.plist */,
			);
			name = "Supporting Files";
			sourceTree = "<group>";
		};
/* End PBXGroup section */

/* Begin PBXNativeTarget section */
		529909FB1BAA5F9800746B35 /* SixPassValue-SingleClass_demo */ = {
			isa = PBXNativeTarget;
			buildConfigurationList = 52990A191BAA5F9800746B35 /* Build configuration list for PBXNativeTarget "SixPassValue-SingleClass_demo" */;
			buildPhases = (
				529909F81BAA5F9800746B35 /* Sources */,
				529909F91BAA5F9800746B35 /* Frameworks */,
				529909FA1BAA5F9800746B35 /* Resources */,
			);
			buildRules = (
			);
			dependencies = (
			);
			name = "SixPassValue-SingleClass_demo";
			productName = "SixPassValue-SingleClass_demo";
			productReference = 529909FC1BAA5F9800746B35 /* SixPassValue-SingleClass_demo.app */;
			productType = "com.apple.product-type.application";
		};
		52990A0E1BAA5F9800746B35 /* SixPassValue-SingleClass_demoTests */ = {
			isa = PBXNativeTarget;
			buildConfigurationList = 52990A1C1BAA5F9800746B35 /* Build configuration list for PBXNativeTarget "SixPassValue-SingleClass_demoTests" */;
			buildPhases = (
				52990A0B1BAA5F9800746B35 /* Sources */,
				52990A0C1BAA5F9800746B35 /* Frameworks */,
				52990A0D1BAA5F9800746B35 /* Resources */,
			);
			buildRules = (
			);
			dependencies = (
				52990A111BAA5F9800746B35 /* PBXTargetDependency */,
			);
			name = "SixPassValue-SingleClass_demoTests";
			productName = "SixPassValue-SingleClass_demoTests";
			productReference = 52990A0F1BAA5F9800746B35 /* SixPassValue-SingleClass_demoTests.xctest */;
			productType = "com.apple.product-type.bundle.unit-test";
		};
/* End PBXNativeTarget section */

/* Begin PBXProject section */
		529909F41BAA5F9800746B35 /* Project object */ = {
			isa = PBXProject;
			attributes = {
				LastUpgradeCheck = 0640;
				ORGANIZATIONNAME = Lafree;
				TargetAttributes = {
					529909FB1BAA5F9800746B35 = {
						CreatedOnToolsVersion = 6.4;
					};
					52990A0E1BAA5F9800746B35 = {
						CreatedOnToolsVersion = 6.4;
						TestTargetID = 529909FB1BAA5F9800746B35;
					};
				};
			};
			buildConfigurationList = 529909F71BAA5F9800746B35 /* Build configuration list for PBXProject "SixPassValue-SingleClass_demo" */;
			compatibilityVersion = "Xcode 3.2";
			developmentRegion = English;
			hasScannedForEncodings = 0;
			knownRegions = (
				en,
				Base,
			);
			mainGroup = 529909F31BAA5F9800746B35;
			productRefGroup = 529909FD1BAA5F9800746B35 /* Products */;
			projectDirPath = "";
			projectRoot = "";
			targets = (
				529909FB1BAA5F9800746B35 /* SixPassValue-SingleClass_demo */,
				52990A0E1BAA5F9800746B35 /* SixPassValue-SingleClass_demoTests */,
			);
		};
/* End PBXProject section */

/* Begin PBXResourcesBuildPhase section */
		529909FA1BAA5F9800746B35 /* Resources */ = {
			isa = PBXResourcesBuildPhase;
			buildActionMask = 2147483647;
			files = (
				52990A281BAA601D00746B35 /* SecondViewController.xib in Resources */,
				52990A0A1BAA5F9800746B35 /* LaunchScreen.xib in Resources */,
				52990A231BAA601000746B35 /* FirstViewController.xib in Resources */,
				52990A071BAA5F9800746B35 /* Images.xcassets in Resources */,
			);
			runOnlyForDeploymentPostprocessing = 0;
		};
		52990A0D1BAA5F9800746B35 /* Resources */ = {
			isa = PBXResourcesBuildPhase;
			buildActionMask = 2147483647;
			files = (
			);
			runOnlyForDeploymentPostprocessing = 0;
		};
/* End PBXResourcesBuildPhase section */

/* Begin PBXSourcesBuildPhase section */
		529909F81BAA5F9800746B35 /* Sources */ = {
			isa = PBXSourcesBuildPhase;
			buildActionMask = 2147483647;
			files = (
				52990A271BAA601D00746B35 /* SecondViewController.m in Sources */,
				52990A051BAA5F9800746B35 /* AppDelegate.m in Sources */,
				52990A2B1BAA62B300746B35 /* Single.m in Sources */,
				52990A221BAA601000746B35 /* FirstViewController.m in Sources */,
				52990A021BAA5F9800746B35 /* main.m in Sources */,
			);
			runOnlyForDeploymentPostprocessing = 0;
		};
		52990A0B1BAA5F9800746B35 /* Sources */ = {
			isa = PBXSourcesBuildPhase;
			buildActionMask = 2147483647;
			files = (
				52990A161BAA5F9800746B35 /* SixPassValue_SingleClass_demoTests.m in Sources */,
			);
			runOnlyForDeploymentPostprocessing = 0;
		};
/* End PBXSourcesBuildPhase section */

/* Begin PBXTargetDependency section */
		52990A111BAA5F9800746B35 /* PBXTargetDependency */ = {
			isa = PBXTargetDependency;
			target = 529909FB1BAA5F9800746B35 /* SixPassValue-SingleClass_demo */;
			targetProxy = 52990A101BAA5F9800746B35 /* PBXContainerItemProxy */;
		};
/* End PBXTargetDependency section */

/* Begin PBXVariantGroup section */
		52990A081BAA5F9800746B35 /* LaunchScreen.xib */ = {
			isa = PBXVariantGroup;
			children = (
				52990A091BAA5F9800746B35 /* Base */,
			);
			name = LaunchScreen.xib;
			sourceTree = "<group>";
		};
/* End PBXVariantGroup section */

/* Begin XCBuildConfiguration section */
		52990A171BAA5F9800746B35 /* Debug */ = {
			isa = XCBuildConfiguration;
			buildSettings = {
				ALWAYS_SEARCH_USER_PATHS = NO;
				CLANG_CXX_LANGUAGE_STANDARD = "gnu++0x";
				CLANG_CXX_LIBRARY = "libc++";
				CLANG_ENABLE_MODULES = YES;
				CLANG_ENABLE_OBJC_ARC = YES;
				CLANG_WARN_BOOL_CONVERSION = YES;
				CLANG_WARN_CONSTANT_CONVERSION = YES;
				CLANG_WARN_DIRECT_OBJC_ISA_USAGE = YES_ERROR;
				CLANG_WARN_EMPTY_BODY = YES;
				CLANG_WARN_ENUM_CONVERSION = YES;
				CLANG_WARN_INT_CONVERSION = YES;
				CLANG_WARN_OBJC_ROOT_CLASS = YES_ERROR;
				CLANG_WARN_UNREACHABLE_CODE = YES;
				CLANG_WARN__DUPLICATE_METHOD_MATCH = YES;
				"CODE_SIGN_IDENTITY[sdk=iphoneos*]" = "iPhone Developer";
				COPY_PHASE_STRIP = NO;
				DEBUG_INFORMATION_FORMAT = "dwarf-with-dsym";
				ENABLE_STRICT_OBJC_MSGSEND = YES;
				GCC_C_LANGUAGE_STANDARD = gnu99;
				GCC_DYNAMIC_NO_PIC = NO;
				GCC_NO_COMMON_BLOCKS = YES;
				GCC_OPTIMIZATION_LEVEL = 0;
				GCC_PREPROCESSOR_DEFINITIONS = (
					"DEBUG=1",
					"$(inherited)",
				);
				GCC_SYMBOLS_PRIVATE_EXTERN = NO;
				GCC_WARN_64_TO_32_BIT_CONVERSION = YES;
				GCC_WARN_ABOUT_RETURN_TYPE = YES_ERROR;
				GCC_WARN_UNDECLARED_SELECTOR = YES;
				GCC_WARN_UNINITIALIZED_AUTOS = YES_AGGRESSIVE;
				GCC_WARN_UNUSED_FUNCTION = YES;
				GCC_WARN_UNUSED_VARIABLE = YES;
				IPHONEOS_DEPLOYMENT_TARGET = 8.4;
				MTL_ENABLE_DEBUG_INFO = YES;
				ONLY_ACTIVE_ARCH = YES;
				SDKROOT = iphoneos;
			};
			name = Debug;
		};
		52990A181BAA5F9800746B35 /* Release */ = {
			isa = XCBuildConfiguration;
			buildSettings = {
				ALWAYS_SEARCH_USER_PATHS = NO;
				CLANG_CXX_LANGUAGE_STANDARD = "gnu++0x";
				CLANG_CXX_LIBRARY = "libc++";
				CLANG_ENABLE_MODULES = YES;
				CLANG_ENABLE_OBJC_ARC = YES;
				CLANG_WARN_BOOL_CONVERSION = YES;
				CLANG_WARN_CONSTANT_CONVERSION = YES;
				CLANG_WARN_DIRECT_OBJC_ISA_USAGE = YES_ERROR;
				CLANG_WARN_EMPTY_BODY = YES;
				CLANG_WARN_ENUM_CONVERSION = YES;
				CLANG_WARN_INT_CONVERSION = YES;
				CLANG_WARN_OBJC_ROOT_CLASS = YES_ERROR;
				CLANG_WARN_UNREACHABLE_CODE = YES;
				CLANG_WARN__DUPLICATE_METHOD_MATCH = YES;
				"CODE_SIGN_IDENTITY[sdk=iphoneos*]" = "iPhone Developer";
				COPY_PHASE_STRIP = NO;
				DEBUG_INFORMATION_FORMAT = "dwarf-with-dsym";
				ENABLE_NS_ASSERTIONS = NO;
				ENABLE_STRICT_OBJC_MSGSEND = YES;
				GCC_C_LANGUAGE_STANDARD = gnu99;
				GCC_NO_COMMON_BLOCKS = YES;
				GCC_WARN_64_TO_32_BIT_CONVERSION = YES;
				GCC_WARN_ABOUT_RETURN_TYPE = YES_ERROR;
				GCC_WARN_UNDECLARED_SELECTOR = YES;
				GCC_WARN_UNINITIALIZED_AUTOS = YES_AGGRESSIVE;
				GCC_WARN_UNUSED_FUNCTION = YES;
				GCC_WARN_UNUSED_VARIABLE = YES;
				IPHONEOS_DEPLOYMENT_TARGET = 8.4;
				MTL_ENABLE_DEBUG_INFO = NO;
				SDKROOT = iphoneos;
				VALIDATE_PRODUCT = YES;
			};
			name = Release;
		};
		52990A1A1BAA5F9800746B35 /* Debug */ = {
			isa = XCBuildConfiguration;
			buildSettings = {
				ASSETCATALOG_COMPILER_APPICON_NAME = AppIcon;
				CLANG_ENABLE_OBJC_ARC = NO;
				INFOPLIST_FILE = "SixPassValue-SingleClass_demo/Info.plist";
				LD_RUNPATH_SEARCH_PATHS = "$(inherited) @executable_path/Frameworks";
				PRODUCT_NAME = "$(TARGET_NAME)";
			};
			name = Debug;
		};
		52990A1B1BAA5F9800746B35 /* Release */ = {
			isa = XCBuildConfiguration;
			buildSettings = {
				ASSETCATALOG_COMPILER_APPICON_NAME = AppIcon;
				CLANG_ENABLE_OBJC_ARC = NO;
				INFOPLIST_FILE = "SixPassValue-SingleClass_demo/Info.plist";
				LD_RUNPATH_SEARCH_PATHS = "$(inherited) @executable_path/Frameworks";
				PRODUCT_NAME = "$(TARGET_NAME)";
			};
			name = Release;
		};
		52990A1D1BAA5F9800746B35 /* Debug */ = {
			isa = XCBuildConfiguration;
			buildSettings = {
				BUNDLE_LOADER = "$(TEST_HOST)";
				FRAMEWORK_SEARCH_PATHS = (
					"$(SDKROOT)/Developer/Library/Frameworks",
					"$(inherited)",
				);
				GCC_PREPROCESSOR_DEFINITIONS = (
					"DEBUG=1",
					"$(inherited)",
				);
				INFOPLIST_FILE = "SixPassValue-SingleClass_demoTests/Info.plist";
				LD_RUNPATH_SEARCH_PATHS = "$(inherited) @executable_path/Frameworks @loader_path/Frameworks";
				PRODUCT_NAME = "$(TARGET_NAME)";
				TEST_HOST = "$(BUILT_PRODUCTS_DIR)/SixPassValue-SingleClass_demo.app/SixPassValue-SingleClass_demo";
			};
			name = Debug;
		};
		52990A1E1BAA5F9800746B35 /* Release */ = {
			isa = XCBuildConfiguration;
			buildSettings = {
				BUNDLE_LOADER = "$(TEST_HOST)";
				FRAMEWORK_SEARCH_PATHS = (
					"$(SDKROOT)/Developer/Library/Frameworks",
					"$(inherited)",
				);
				INFOPLIST_FILE = "SixPassValue-SingleClass_demoTests/Info.plist";
				LD_RUNPATH_SEARCH_PATHS = "$(inherited) @executable_path/Frameworks @loader_path/Frameworks";
				PRODUCT_NAME = "$(TARGET_NAME)";
				TEST_HOST = "$(BUILT_PRODUCTS_DIR)/SixPassValue-SingleClass_demo.app/SixPassValue-SingleClass_demo";
			};
			name = Release;
		};
/* End XCBuildConfiguration section */

/* Begin XCConfigurationList section */
		529909F71BAA5F9800746B35 /* Build configuration list for PBXProject "SixPassValue-SingleClass_demo" */ = {
			isa = XCConfigurationList;
			buildConfigurations = (
				52990A171BAA5F9800746B35 /* Debug */,
				52990A181BAA5F9800746B35 /* Release */,
			);
			defaultConfigurationIsVisible = 0;
			defaultConfigurationName = Release;
		};
		52990A191BAA5F9800746B35 /* Build configuration list for PBXNativeTarget "SixPassValue-SingleClass_demo" */ = {
			isa = XCConfigurationList;
			buildConfigurations = (
				52990A1A1BAA5F9800746B35 /* Debug */,
				52990A1B1BAA5F9800746B35 /* Release */,
			);
			defaultConfigurationIsVisible = 0;
		};
		52990A1C1BAA5F9800746B35 /* Build configuration list for PBXNativeTarget "SixPassValue-SingleClass_demoTests" */ = {
			isa = XCConfigurationList;
			buildConfigurations = (
				52990A1D1BAA5F9800746B35 /* Debug */,
				52990A1E1BAA5F9800746B35 /* Release */,
			);
			defaultConfigurationIsVisible = 0;
		};
/* End XCConfigurationList section */
	};
	rootObject = 529909F41BAA5F9800746B35 /* Project object */;
}
